
Microsoft Visual Studio Solution File, Format Version 12.00
# Visual Studio Version 17
VisualStudioVersion = 17.5.33516.290
MinimumVisualStudioVersion = 10.0.40219.1
Project("{9A19103F-16F7-4668-BE54-9A1E7A4F7556}") = "DistributedDLL", "DistributedDLL\DistributedDLL.csproj", "{A6996A91-33F0-4E89-B10F-B5B31F396F78}"
EndProject
Project("{9A19103F-16F7-4668-BE54-9A1E7A4F7556}") = "Application", "..\Project0_SlnName\Application\Application.csproj", "{81753259-237F-437F-B04E-B94D47FA7156}"
EndProject
Global
	GlobalSection(SolutionConfigurationPlatforms) = preSolution
		Debug|Any CPU = Debug|Any CPU
		Release|Any CPU = Release|Any CPU
	EndGlobalSection
	GlobalSection(ProjectConfigurationPlatforms) = postSolution
		{A6996A91-33F0-4E89-B10F-B5B31F396F78}.Debug|Any CPU.ActiveCfg = Debug|Any CPU
		{A6996A91-33F0-4E89-B10F-B5B31F396F78}.Debug|Any CPU.Build.0 = Debug|Any CPU
		{A6996A91-33F0-4E89-B10F-B5B31F396F78}.Release|Any CPU.ActiveCfg = Release|Any CPU
		{A6996A91-33F0-4E89-B10F-B5B31F396F78}.Release|Any CPU.Build.0 = Release|Any CPU
		{81753259-237F-437F-B04E-B94D47FA7156}.Debug|Any CPU.ActiveCfg = Debug|Any CPU
		{81753259-237F-437F-B04E-B94D47FA7156}.Debug|Any CPU.Build.0 = Debug|Any CPU
		{81753259-237F-437F-B04E-B94D47FA7156}.Release|Any CPU.ActiveCfg = Release|Any CPU
		{81753259-237F-437F-B04E-B94D47FA7156}.Release|Any CPU.Build.0 = Release|Any CPU
	EndGlobalSection
	GlobalSection(SolutionProperties) = preSolution
		HideSolutionNode = FALSE
	EndGlobalSection
	GlobalSection(ExtensibilityGlobals) = postSolution
		SolutionGuid = {F85F869F-1DD2-46C4-AB3F-61CAA46AB7D2}
	EndGlobalSection
EndGlobal
